
Microsoft Visual Studio Solution File, Format Version 12.00
# Visual Studio Version 17
VisualStudioVersion = 17.7.34031.279
MinimumVisualStudioVersion = 10.0.40219.1
Project("{8BC9CEB8-8B4A-11D0-8D11-00A0C91BC942}") = "injetador", "injetador\injetador.vcxproj", "{99D44E73-EC38-4D48-A699-DEDB4D7FC5D4}"
EndProject
Global
	GlobalSection(SolutionConfigurationPlatforms) = preSolution
		Debug|x64 = Debug|x64
		Debug|x86 = Debug|x86
		Release|x64 = Release|x64
		Release|x86 = Release|x86
	EndGlobalSection
	GlobalSection(ProjectConfigurationPlatforms) = postSolution
		{99D44E73-EC38-4D48-A699-DEDB4D7FC5D4}.Debug|x64.ActiveCfg = Debug|x64
		{99D44E73-EC38-4D48-A699-DEDB4D7FC5D4}.Debug|x64.Build.0 = Debug|x64
		{99D44E73-EC38-4D48-A699-DEDB4D7FC5D4}.Debug|x86.ActiveCfg = Debug|Win32
		{99D44E73-EC38-4D48-A699-DEDB4D7FC5D4}.Debug|x86.Build.0 = Debug|Win32
		{99D44E73-EC38-4D48-A699-DEDB4D7FC5D4}.Release|x64.ActiveCfg = Release|x64
		{99D44E73-EC38-4D48-A699-DEDB4D7FC5D4}.Release|x64.Build.0 = Release|x64
		{99D44E73-EC38-4D48-A699-DEDB4D7FC5D4}.Release|x86.ActiveCfg = Release|Win32
		{99D44E73-EC38-4D48-A699-DEDB4D7FC5D4}.Release|x86.Build.0 = Release|Win32
	EndGlobalSection
	GlobalSection(SolutionProperties) = preSolution
		HideSolutionNode = FALSE
	EndGlobalSection
	GlobalSection(ExtensibilityGlobals) = postSolution
		SolutionGuid = {7E7CF288-31BB-46EF-AAE0-7481AF935FE5}
	EndGlobalSection
EndGlobal
